
Microsoft Visual Studio Solution File, Format Version 12.00
# Visual Studio Version 17
VisualStudioVersion = 17.5.33516.290
MinimumVisualStudioVersion = 10.0.40219.1
Project("{FAE04EC0-301F-11D3-BF4B-00C04F79EFBC}") = "xam.Login.Android", "xam.Login\xam.Login.Android\xam.Login.Android.csproj", "{344752A8-C5C1-49FE-B524-DC29C33D15CC}"
EndProject
Project("{FAE04EC0-301F-11D3-BF4B-00C04F79EFBC}") = "xam.Login.iOS", "xam.Login\xam.Login.iOS\xam.Login.iOS.csproj", "{7B0F683B-1314-4C62-B74E-6FEEA23DA49A}"
EndProject
Project("{FAE04EC0-301F-11D3-BF4B-00C04F79EFBC}") = "xam.Login", "xam.Login\xam.Login\xam.Login.csproj", "{73A01118-31D2-4B9F-B547-6C663FE99EDB}"
EndProject
Global
	GlobalSection(SolutionConfigurationPlatforms) = preSolution
		Debug|Any CPU = Debug|Any CPU
		Debug|iPhone = Debug|iPhone
		Debug|iPhoneSimulator = Debug|iPhoneSimulator
		Release|Any CPU = Release|Any CPU
		Release|iPhone = Release|iPhone
		Release|iPhoneSimulator = Release|iPhoneSimulator
	EndGlobalSection
	GlobalSection(ProjectConfigurationPlatforms) = postSolution
		{344752A8-C5C1-49FE-B524-DC29C33D15CC}.Debug|Any CPU.ActiveCfg = Debug|Any CPU
		{344752A8-C5C1-49FE-B524-DC29C33D15CC}.Debug|Any CPU.Build.0 = Debug|Any CPU
		{344752A8-C5C1-49FE-B524-DC29C33D15CC}.Debug|Any CPU.Deploy.0 = Debug|Any CPU
		{344752A8-C5C1-49FE-B524-DC29C33D15CC}.Debug|iPhone.ActiveCfg = Debug|Any CPU
		{344752A8-C5C1-49FE-B524-DC29C33D15CC}.Debug|iPhone.Build.0 = Debug|Any CPU
		{344752A8-C5C1-49FE-B524-DC29C33D15CC}.Debug|iPhone.Deploy.0 = Debug|Any CPU
		{344752A8-C5C1-49FE-B524-DC29C33D15CC}.Debug|iPhoneSimulator.ActiveCfg = Debug|Any CPU
		{344752A8-C5C1-49FE-B524-DC29C33D15CC}.Debug|iPhoneSimulator.Build.0 = Debug|Any CPU
		{344752A8-C5C1-49FE-B524-DC29C33D15CC}.Debug|iPhoneSimulator.Deploy.0 = Debug|Any CPU
		{344752A8-C5C1-49FE-B524-DC29C33D15CC}.Release|Any CPU.ActiveCfg = Release|Any CPU
		{344752A8-C5C1-49FE-B524-DC29C33D15CC}.Release|Any CPU.Build.0 = Release|Any CPU
		{344752A8-C5C1-49FE-B524-DC29C33D15CC}.Release|Any CPU.Deploy.0 = Release|Any CPU
		{344752A8-C5C1-49FE-B524-DC29C33D15CC}.Release|iPhone.ActiveCfg = Release|Any CPU
		{344752A8-C5C1-49FE-B524-DC29C33D15CC}.Release|iPhone.Build.0 = Release|Any CPU
		{344752A8-C5C1-49FE-B524-DC29C33D15CC}.Release|iPhone.Deploy.0 = Release|Any CPU
		{344752A8-C5C1-49FE-B524-DC29C33D15CC}.Release|iPhoneSimulator.ActiveCfg = Release|Any CPU
		{344752A8-C5C1-49FE-B524-DC29C33D15CC}.Release|iPhoneSimulator.Build.0 = Release|Any CPU
		{344752A8-C5C1-49FE-B524-DC29C33D15CC}.Release|iPhoneSimulator.Deploy.0 = Release|Any CPU
		{7B0F683B-1314-4C62-B74E-6FEEA23DA49A}.Debug|Any CPU.ActiveCfg = Debug|iPhone
		{7B0F683B-1314-4C62-B74E-6FEEA23DA49A}.Debug|Any CPU.Build.0 = Debug|iPhone
		{7B0F683B-1314-4C62-B74E-6FEEA23DA49A}.Debug|Any CPU.Deploy.0 = Debug|iPhone
		{7B0F683B-1314-4C62-B74E-6FEEA23DA49A}.Debug|iPhone.ActiveCfg = Debug|iPhone
		{7B0F683B-1314-4C62-B74E-6FEEA23DA49A}.Debug|iPhone.Build.0 = Debug|iPhone
		{7B0F683B-1314-4C62-B74E-6FEEA23DA49A}.Debug|iPhone.Deploy.0 = Debug|iPhone
		{7B0F683B-1314-4C62-B74E-6FEEA23DA49A}.Debug|iPhoneSimulator.ActiveCfg = Debug|iPhoneSimulator
		{7B0F683B-1314-4C62-B74E-6FEEA23DA49A}.Debug|iPhoneSimulator.Build.0 = Debug|iPhoneSimulator
		{7B0F683B-1314-4C62-B74E-6FEEA23DA49A}.Debug|iPhoneSimulator.Deploy.0 = Debug|iPhoneSimulator
		{7B0F683B-1314-4C62-B74E-6FEEA23DA49A}.Release|Any CPU.ActiveCfg = Release|iPhoneSimulator
		{7B0F683B-1314-4C62-B74E-6FEEA23DA49A}.Release|Any CPU.Build.0 = Release|iPhoneSimulator
		{7B0F683B-1314-4C62-B74E-6FEEA23DA49A}.Release|Any CPU.Deploy.0 = Release|iPhoneSimulator
		{7B0F683B-1314-4C62-B74E-6FEEA23DA49A}.Release|iPhone.ActiveCfg = Release|iPhone
		{7B0F683B-1314-4C62-B74E-6FEEA23DA49A}.Release|iPhone.Build.0 = Release|iPhone
		{7B0F683B-1314-4C62-B74E-6FEEA23DA49A}.Release|iPhone.Deploy.0 = Release|iPhone
		{7B0F683B-1314-4C62-B74E-6FEEA23DA49A}.Release|iPhoneSimulator.ActiveCfg = Release|iPhoneSimulator
		{7B0F683B-1314-4C62-B74E-6FEEA23DA49A}.Release|iPhoneSimulator.Build.0 = Release|iPhoneSimulator
		{7B0F683B-1314-4C62-B74E-6FEEA23DA49A}.Release|iPhoneSimulator.Deploy.0 = Release|iPhoneSimulator
		{73A01118-31D2-4B9F-B547-6C663FE99EDB}.Debug|Any CPU.ActiveCfg = Debug|Any CPU
		{73A01118-31D2-4B9F-B547-6C663FE99EDB}.Debug|Any CPU.Build.0 = Debug|Any CPU
		{73A01118-31D2-4B9F-B547-6C663FE99EDB}.Debug|Any CPU.Deploy.0 = Debug|Any CPU
		{73A01118-31D2-4B9F-B547-6C663FE99EDB}.Debug|iPhone.ActiveCfg = Debug|Any CPU
		{73A01118-31D2-4B9F-B547-6C663FE99EDB}.Debug|iPhone.Build.0 = Debug|Any CPU
		{73A01118-31D2-4B9F-B547-6C663FE99EDB}.Debug|iPhone.Deploy.0 = Debug|Any CPU
		{73A01118-31D2-4B9F-B547-6C663FE99EDB}.Debug|iPhoneSimulator.ActiveCfg = Debug|Any CPU
		{73A01118-31D2-4B9F-B547-6C663FE99EDB}.Debug|iPhoneSimulator.Build.0 = Debug|Any CPU
		{73A01118-31D2-4B9F-B547-6C663FE99EDB}.Debug|iPhoneSimulator.Deploy.0 = Debug|Any CPU
		{73A01118-31D2-4B9F-B547-6C663FE99EDB}.Release|Any CPU.ActiveCfg = Release|Any CPU
		{73A01118-31D2-4B9F-B547-6C663FE99EDB}.Release|Any CPU.Build.0 = Release|Any CPU
		{73A01118-31D2-4B9F-B547-6C663FE99EDB}.Release|Any CPU.Deploy.0 = Release|Any CPU
		{73A01118-31D2-4B9F-B547-6C663FE99EDB}.Release|iPhone.ActiveCfg = Release|Any CPU
		{73A01118-31D2-4B9F-B547-6C663FE99EDB}.Release|iPhone.Build.0 = Release|Any CPU
		{73A01118-31D2-4B9F-B547-6C663FE99EDB}.Release|iPhone.Deploy.0 = Release|Any CPU
		{73A01118-31D2-4B9F-B547-6C663FE99EDB}.Release|iPhoneSimulator.ActiveCfg = Release|Any CPU
		{73A01118-31D2-4B9F-B547-6C663FE99EDB}.Release|iPhoneSimulator.Build.0 = Release|Any CPU
		{73A01118-31D2-4B9F-B547-6C663FE99EDB}.Release|iPhoneSimulator.Deploy.0 = Release|Any CPU
	EndGlobalSection
	GlobalSection(SolutionProperties) = preSolution
		HideSolutionNode = FALSE
	EndGlobalSection
	GlobalSection(ExtensibilityGlobals) = postSolution
		SolutionGuid = {481CF206-F8C0-4957-AC16-E3443644BF7C}
	EndGlobalSection
EndGlobal
